// !$*UTF8*$!
{
	archiveVersion = 1;
	classes = {
	};
	objectVersion = 56;
	objects = {

/* Begin PBXBuildFile section */
		4C18089528F7F884006B9A3D /* LoginPageSwiftUIApp.swift in Sources */ = {isa = PBXBuildFile; fileRef = 4C18089428F7F884006B9A3D /* LoginPageSwiftUIApp.swift */; };
		4C18089728F7F884006B9A3D /* ContentView.swift in Sources */ = {isa = PBXBuildFile; fileRef = 4C18089628F7F884006B9A3D /* ContentView.swift */; };
		4C18089928F7F886006B9A3D /* Assets.xcassets in Resources */ = {isa = PBXBuildFile; fileRef = 4C18089828F7F886006B9A3D /* Assets.xcassets */; };
		4C18089C28F7F886006B9A3D /* Preview Assets.xcassets in Resources */ = {isa = PBXBuildFile; fileRef = 4C18089B28F7F886006B9A3D /* Preview Assets.xcassets */; };
		4C1808A628F7F887006B9A3D /* LoginPageSwiftUITests.swift in Sources */ = {isa = PBXBuildFile; fileRef = 4C1808A528F7F887006B9A3D /* LoginPageSwiftUITests.swift */; };
		4C1808B028F7F887006B9A3D /* LoginPageSwiftUIUITests.swift in Sources */ = {isa = PBXBuildFile; fileRef = 4C1808AF28F7F887006B9A3D /* LoginPageSwiftUIUITests.swift */; };
		4C1808B228F7F887006B9A3D /* LoginPageSwiftUIUITestsLaunchTests.swift in Sources */ = {isa = PBXBuildFile; fileRef = 4C1808B128F7F887006B9A3D /* LoginPageSwiftUIUITestsLaunchTests.swift */; };
		4C1808BF28F7FA96006B9A3D /* Triangle.swift in Sources */ = {isa = PBXBuildFile; fileRef = 4C1808BE28F7FA96006B9A3D /* Triangle.swift */; };
		4C1808C128F7FC36006B9A3D /* Star.swift in Sources */ = {isa = PBXBuildFile; fileRef = 4C1808C028F7FC36006B9A3D /* Star.swift */; };
		4C1808C728F8138D006B9A3D /* FirebaseAuth in Frameworks */ = {isa = PBXBuildFile; productRef = 4C1808C628F8138D006B9A3D /* FirebaseAuth */; };
		4C1808C928F8138D006B9A3D /* FirebaseFirestore in Frameworks */ = {isa = PBXBuildFile; productRef = 4C1808C828F8138D006B9A3D /* FirebaseFirestore */; };
		4C1808CB28F81449006B9A3D /* GoogleService-Info.plist in Resources */ = {isa = PBXBuildFile; fileRef = 4C1808CA28F81449006B9A3D /* GoogleService-Info.plist */; };
/* End PBXBuildFile section */

/* Begin PBXContainerItemProxy section */
		4C1808A228F7F887006B9A3D /* PBXContainerItemProxy */ = {
			isa = PBXContainerItemProxy;
			containerPortal = 4C18088928F7F883006B9A3D /* Project object */;
			proxyType = 1;
			remoteGlobalIDString = 4C18089028F7F884006B9A3D;
			remoteInfo = LoginPageSwiftUI;
		};
		4C1808AC28F7F887006B9A3D /* PBXContainerItemProxy */ = {
			isa = PBXContainerItemProxy;
			containerPortal = 4C18088928F7F883006B9A3D /* Project object */;
			proxyType = 1;
			remoteGlobalIDString = 4C18089028F7F884006B9A3D;
			remoteInfo = LoginPageSwiftUI;
		};
/* End PBXContainerItemProxy section */

/* Begin PBXFileReference section */
		4C18089128F7F884006B9A3D /* LoginPageSwiftUI.app */ = {isa = PBXFileReference; explicitFileType = wrapper.application; includeInIndex = 0; path = LoginPageSwiftUI.app; sourceTree = BUILT_PRODUCTS_DIR; };
		4C18089428F7F884006B9A3D /* LoginPageSwiftUIApp.swift */ = {isa = PBXFileReference; lastKnownFileType = sourcecode.swift; path = LoginPageSwiftUIApp.swift; sourceTree = "<group>"; };
		4C18089628F7F884006B9A3D /* ContentView.swift */ = {isa = PBXFileReference; lastKnownFileType = sourcecode.swift; path = ContentView.swift; sourceTree = "<group>"; };
		4C18089828F7F886006B9A3D /* Assets.xcassets */ = {isa = PBXFileReference; lastKnownFileType = folder.assetcatalog; path = Assets.xcassets; sourceTree = "<group>"; };
		4C18089B28F7F886006B9A3D /* Preview Assets.xcassets */ = {isa = PBXFileReference; lastKnownFileType = folder.assetcatalog; path = "Preview Assets.xcassets"; sourceTree = "<group>"; };
		4C1808A128F7F886006B9A3D /* LoginPageSwiftUITests.xctest */ = {isa = PBXFileReference; explicitFileType = wrapper.cfbundle; includeInIndex = 0; path = LoginPageSwiftUITests.xctest; sourceTree = BUILT_PRODUCTS_DIR; };
		4C1808A528F7F887006B9A3D /* LoginPageSwiftUITests.swift */ = {isa = PBXFileReference; lastKnownFileType = sourcecode.swift; path = LoginPageSwiftUITests.swift; sourceTree = "<group>"; };
		4C1808AB28F7F887006B9A3D /* LoginPageSwiftUIUITests.xctest */ = {isa = PBXFileReference; explicitFileType = wrapper.cfbundle; includeInIndex = 0; path = LoginPageSwiftUIUITests.xctest; sourceTree = BUILT_PRODUCTS_DIR; };
		4C1808AF28F7F887006B9A3D /* LoginPageSwiftUIUITests.swift */ = {isa = PBXFileReference; lastKnownFileType = sourcecode.swift; path = LoginPageSwiftUIUITests.swift; sourceTree = "<group>"; };
		4C1808B128F7F887006B9A3D /* LoginPageSwiftUIUITestsLaunchTests.swift */ = {isa = PBXFileReference; lastKnownFileType = sourcecode.swift; path = LoginPageSwiftUIUITestsLaunchTests.swift; sourceTree = "<group>"; };
		4C1808BE28F7FA96006B9A3D /* Triangle.swift */ = {isa = PBXFileReference; lastKnownFileType = sourcecode.swift; path = Triangle.swift; sourceTree = "<group>"; };
		4C1808C028F7FC36006B9A3D /* Star.swift */ = {isa = PBXFileReference; lastKnownFileType = sourcecode.swift; path = Star.swift; sourceTree = "<group>"; };
		4C1808CA28F81449006B9A3D /* GoogleService-Info.plist */ = {isa = PBXFileReference; fileEncoding = 4; lastKnownFileType = text.plist.xml; path = "GoogleService-Info.plist"; sourceTree = "<group>"; };
/* End PBXFileReference section */

/* Begin PBXFrameworksBuildPhase section */
		4C18088E28F7F884006B9A3D /* Frameworks */ = {
			isa = PBXFrameworksBuildPhase;
			buildActionMask = 2147483647;
			files = (
				4C1808C728F8138D006B9A3D /* FirebaseAuth in Frameworks */,
				4C1808C928F8138D006B9A3D /* FirebaseFirestore in Frameworks */,
			);
			runOnlyForDeploymentPostprocessing = 0;
		};
		4C18089E28F7F886006B9A3D /* Frameworks */ = {
			isa = PBXFrameworksBuildPhase;
			buildActionMask = 2147483647;
			files = (
			);
			runOnlyForDeploymentPostprocessing = 0;
		};
		4C1808A828F7F887006B9A3D /* Frameworks */ = {
			isa = PBXFrameworksBuildPhase;
			buildActionMask = 2147483647;
			files = (
			);
			runOnlyForDeploymentPostprocessing = 0;
		};
/* End PBXFrameworksBuildPhase section */

/* Begin PBXGroup section */
		4C18088828F7F883006B9A3D = {
			isa = PBXGroup;
			children = (
				4C18089328F7F884006B9A3D /* LoginPageSwiftUI */,
				4C1808A428F7F887006B9A3D /* LoginPageSwiftUITests */,
				4C1808AE28F7F887006B9A3D /* LoginPageSwiftUIUITests */,
				4C18089228F7F884006B9A3D /* Products */,
			);
			sourceTree = "<group>";
		};
		4C18089228F7F884006B9A3D /* Products */ = {
			isa = PBXGroup;
			children = (
				4C18089128F7F884006B9A3D /* LoginPageSwiftUI.app */,
				4C1808A128F7F886006B9A3D /* LoginPageSwiftUITests.xctest */,
				4C1808AB28F7F887006B9A3D /* LoginPageSwiftUIUITests.xctest */,
			);
			name = Products;
			sourceTree = "<group>";
		};
		4C18089328F7F884006B9A3D /* LoginPageSwiftUI */ = {
			isa = PBXGroup;
			children = (
				4C18089428F7F884006B9A3D /* LoginPageSwiftUIApp.swift */,
				4C18089628F7F884006B9A3D /* ContentView.swift */,
				4C1808CA28F81449006B9A3D /* GoogleService-Info.plist */,
				4C1808C228F7FF7E006B9A3D /* CustomShapes */,
				4C18089828F7F886006B9A3D /* Assets.xcassets */,
				4C18089A28F7F886006B9A3D /* Preview Content */,
			);
			path = LoginPageSwiftUI;
			sourceTree = "<group>";
		};
		4C18089A28F7F886006B9A3D /* Preview Content */ = {
			isa = PBXGroup;
			children = (
				4C18089B28F7F886006B9A3D /* Preview Assets.xcassets */,
			);
			path = "Preview Content";
			sourceTree = "<group>";
		};
		4C1808A428F7F887006B9A3D /* LoginPageSwiftUITests */ = {
			isa = PBXGroup;
			children = (
				4C1808A528F7F887006B9A3D /* LoginPageSwiftUITests.swift */,
			);
			path = LoginPageSwiftUITests;
			sourceTree = "<group>";
		};
		4C1808AE28F7F887006B9A3D /* LoginPageSwiftUIUITests */ = {
			isa = PBXGroup;
			children = (
				4C1808AF28F7F887006B9A3D /* LoginPageSwiftUIUITests.swift */,
				4C1808B128F7F887006B9A3D /* LoginPageSwiftUIUITestsLaunchTests.swift */,
			);
			path = LoginPageSwiftUIUITests;
			sourceTree = "<group>";
		};
		4C1808C228F7FF7E006B9A3D /* CustomShapes */ = {
			isa = PBXGroup;
			children = (
				4C1808C028F7FC36006B9A3D /* Star.swift */,
				4C1808BE28F7FA96006B9A3D /* Triangle.swift */,
			);
			path = CustomShapes;
			sourceTree = "<group>";
		};
/* End PBXGroup section */

/* Begin PBXNativeTarget section */
		4C18089028F7F884006B9A3D /* LoginPageSwiftUI */ = {
			isa = PBXNativeTarget;
			buildConfigurationList = 4C1808B528F7F887006B9A3D /* Build configuration list for PBXNativeTarget "LoginPageSwiftUI" */;
			buildPhases = (
				4C18088D28F7F884006B9A3D /* Sources */,
				4C18088E28F7F884006B9A3D /* Frameworks */,
				4C18088F28F7F884006B9A3D /* Resources */,
			);
			buildRules = (
			);
			dependencies = (
			);
			name = LoginPageSwiftUI;
			packageProductDependencies = (
				4C1808C628F8138D006B9A3D /* FirebaseAuth */,
				4C1808C828F8138D006B9A3D /* FirebaseFirestore */,
			);
			productName = LoginPageSwiftUI;
			productReference = 4C18089128F7F884006B9A3D /* LoginPageSwiftUI.app */;
			productType = "com.apple.product-type.application";
		};
		4C1808A028F7F886006B9A3D /* LoginPageSwiftUITests */ = {
			isa = PBXNativeTarget;
			buildConfigurationList = 4C1808B828F7F887006B9A3D /* Build configuration list for PBXNativeTarget "LoginPageSwiftUITests" */;
			buildPhases = (
				4C18089D28F7F886006B9A3D /* Sources */,
				4C18089E28F7F886006B9A3D /* Frameworks */,
				4C18089F28F7F886006B9A3D /* Resources */,
			);
			buildRules = (
			);
			dependencies = (
				4C1808A328F7F887006B9A3D /* PBXTargetDependency */,
			);
			name = LoginPageSwiftUITests;
			productName = LoginPageSwiftUITests;
			productReference = 4C1808A128F7F886006B9A3D /* LoginPageSwiftUITests.xctest */;
			productType = "com.apple.product-type.bundle.unit-test";
		};
		4C1808AA28F7F887006B9A3D /* LoginPageSwiftUIUITests */ = {
			isa = PBXNativeTarget;
			buildConfigurationList = 4C1808BB28F7F887006B9A3D /* Build configuration list for PBXNativeTarget "LoginPageSwiftUIUITests" */;
			buildPhases = (
				4C1808A728F7F887006B9A3D /* Sources */,
				4C1808A828F7F887006B9A3D /* Frameworks */,
				4C1808A928F7F887006B9A3D /* Resources */,
			);
			buildRules = (
			);
			dependencies = (
				4C1808AD28F7F887006B9A3D /* PBXTargetDependency */,
			);
			name = LoginPageSwiftUIUITests;
			productName = LoginPageSwiftUIUITests;
			productReference = 4C1808AB28F7F887006B9A3D /* LoginPageSwiftUIUITests.xctest */;
			productType = "com.apple.product-type.bundle.ui-testing";
		};
/* End PBXNativeTarget section */

/* Begin PBXProject section */
		4C18088928F7F883006B9A3D /* Project object */ = {
			isa = PBXProject;
			attributes = {
				BuildIndependentTargetsInParallel = 1;
				LastSwiftUpdateCheck = 1400;
				LastUpgradeCheck = 1400;
				TargetAttributes = {
					4C18089028F7F884006B9A3D = {
						CreatedOnToolsVersion = 14.0;
					};
					4C1808A028F7F886006B9A3D = {
						CreatedOnToolsVersion = 14.0;
						TestTargetID = 4C18089028F7F884006B9A3D;
					};
					4C1808AA28F7F887006B9A3D = {
						CreatedOnToolsVersion = 14.0;
						TestTargetID = 4C18089028F7F884006B9A3D;
					};
				};
			};
			buildConfigurationList = 4C18088C28F7F883006B9A3D /* Build configuration list for PBXProject "LoginPageSwiftUI" */;
			compatibilityVersion = "Xcode 14.0";
			developmentRegion = en;
			hasScannedForEncodings = 0;
			knownRegions = (
				en,
				Base,
			);
			mainGroup = 4C18088828F7F883006B9A3D;
			packageReferences = (
				4C1808C528F8138B006B9A3D /* XCRemoteSwiftPackageReference "firebase-ios-sdk" */,
			);
			productRefGroup = 4C18089228F7F884006B9A3D /* Products */;
			projectDirPath = "";
			projectRoot = "";
			targets = (
				4C18089028F7F884006B9A3D /* LoginPageSwiftUI */,
				4C1808A028F7F886006B9A3D /* LoginPageSwiftUITests */,
				4C1808AA28F7F887006B9A3D /* LoginPageSwiftUIUITests */,
			);
		};
/* End PBXProject section */

/* Begin PBXResourcesBuildPhase section */
		4C18088F28F7F884006B9A3D /* Resources */ = {
			isa = PBXResourcesBuildPhase;
			buildActionMask = 2147483647;
			files = (
				4C18089C28F7F886006B9A3D /* Preview Assets.xcassets in Resources */,
				4C18089928F7F886006B9A3D /* Assets.xcassets in Resources */,
				4C1808CB28F81449006B9A3D /* GoogleService-Info.plist in Resources */,
			);
			runOnlyForDeploymentPostprocessing = 0;
		};
		4C18089F28F7F886006B9A3D /* Resources */ = {
			isa = PBXResourcesBuildPhase;
			buildActionMask = 2147483647;
			files = (
			);
			runOnlyForDeploymentPostprocessing = 0;
		};
		4C1808A928F7F887006B9A3D /* Resources */ = {
			isa = PBXResourcesBuildPhase;
			buildActionMask = 2147483647;
			files = (
			);
			runOnlyForDeploymentPostprocessing = 0;
		};
/* End PBXResourcesBuildPhase section */

/* Begin PBXSourcesBuildPhase section */
		4C18088D28F7F884006B9A3D /* Sources */ = {
			isa = PBXSourcesBuildPhase;
			buildActionMask = 2147483647;
			files = (
				4C1808BF28F7FA96006B9A3D /* Triangle.swift in Sources */,
				4C18089728F7F884006B9A3D /* ContentView.swift in Sources */,
				4C18089528F7F884006B9A3D /* LoginPageSwiftUIApp.swift in Sources */,
				4C1808C128F7FC36006B9A3D /* Star.swift in Sources */,
			);
			runOnlyForDeploymentPostprocessing = 0;
		};
		4C18089D28F7F886006B9A3D /* Sources */ = {
			isa = PBXSourcesBuildPhase;
			buildActionMask = 2147483647;
			files = (
				4C1808A628F7F887006B9A3D /* LoginPageSwiftUITests.swift in Sources */,
			);
			runOnlyForDeploymentPostprocessing = 0;
		};
		4C1808A728F7F887006B9A3D /* Sources */ = {
			isa = PBXSourcesBuildPhase;
			buildActionMask = 2147483647;
			files = (
				4C1808B028F7F887006B9A3D /* LoginPageSwiftUIUITests.swift in Sources */,
				4C1808B228F7F887006B9A3D /* LoginPageSwiftUIUITestsLaunchTests.swift in Sources */,
			);
			runOnlyForDeploymentPostprocessing = 0;
		};
/* End PBXSourcesBuildPhase section */

/* Begin PBXTargetDependency section */
		4C1808A328F7F887006B9A3D /* PBXTargetDependency */ = {
			isa = PBXTargetDependency;
			target = 4C18089028F7F884006B9A3D /* LoginPageSwiftUI */;
			targetProxy = 4C1808A228F7F887006B9A3D /* PBXContainerItemProxy */;
		};
		4C1808AD28F7F887006B9A3D /* PBXTargetDependency */ = {
			isa = PBXTargetDependency;
			target = 4C18089028F7F884006B9A3D /* LoginPageSwiftUI */;
			targetProxy = 4C1808AC28F7F887006B9A3D /* PBXContainerItemProxy */;
		};
/* End PBXTargetDependency section */

/* Begin XCBuildConfiguration section */
		4C1808B328F7F887006B9A3D /* Debug */ = {
			isa = XCBuildConfiguration;
			buildSettings = {
				ALWAYS_SEARCH_USER_PATHS = NO;
				CLANG_ANALYZER_NONNULL = YES;
				CLANG_ANALYZER_NUMBER_OBJECT_CONVERSION = YES_AGGRESSIVE;
				CLANG_CXX_LANGUAGE_STANDARD = "gnu++20";
				CLANG_ENABLE_MODULES = YES;
				CLANG_ENABLE_OBJC_ARC = YES;
				CLANG_ENABLE_OBJC_WEAK = YES;
				CLANG_WARN_BLOCK_CAPTURE_AUTORELEASING = YES;
				CLANG_WARN_BOOL_CONVERSION = YES;
				CLANG_WARN_COMMA = YES;
				CLANG_WARN_CONSTANT_CONVERSION = YES;
				CLANG_WARN_DEPRECATED_OBJC_IMPLEMENTATIONS = YES;
				CLANG_WARN_DIRECT_OBJC_ISA_USAGE = YES_ERROR;
				CLANG_WARN_DOCUMENTATION_COMMENTS = YES;
				CLANG_WARN_EMPTY_BODY = YES;
				CLANG_WARN_ENUM_CONVERSION = YES;
				CLANG_WARN_INFINITE_RECURSION = YES;
				CLANG_WARN_INT_CONVERSION = YES;
				CLANG_WARN_NON_LITERAL_NULL_CONVERSION = YES;
				CLANG_WARN_OBJC_IMPLICIT_RETAIN_SELF = YES;
				CLANG_WARN_OBJC_LITERAL_CONVERSION = YES;
				CLANG_WARN_OBJC_ROOT_CLASS = YES_ERROR;
				CLANG_WARN_QUOTED_INCLUDE_IN_FRAMEWORK_HEADER = YES;
				CLANG_WARN_RANGE_LOOP_ANALYSIS = YES;
				CLANG_WARN_STRICT_PROTOTYPES = YES;
				CLANG_WARN_SUSPICIOUS_MOVE = YES;
				CLANG_WARN_UNGUARDED_AVAILABILITY = YES_AGGRESSIVE;
				CLANG_WARN_UNREACHABLE_CODE = YES;
				CLANG_WARN__DUPLICATE_METHOD_MATCH = YES;
				COPY_PHASE_STRIP = NO;
				DEBUG_INFORMATION_FORMAT = dwarf;
				ENABLE_STRICT_OBJC_MSGSEND = YES;
				ENABLE_TESTABILITY = YES;
				GCC_C_LANGUAGE_STANDARD = gnu11;
				GCC_DYNAMIC_NO_PIC = NO;
				GCC_NO_COMMON_BLOCKS = YES;
				GCC_OPTIMIZATION_LEVEL = 0;
				GCC_PREPROCESSOR_DEFINITIONS = (
					"DEBUG=1",
					"$(inherited)",
				);
				GCC_WARN_64_TO_32_BIT_CONVERSION = YES;
				GCC_WARN_ABOUT_RETURN_TYPE = YES_ERROR;
				GCC_WARN_UNDECLARED_SELECTOR = YES;
				GCC_WARN_UNINITIALIZED_AUTOS = YES_AGGRESSIVE;
				GCC_WARN_UNUSED_FUNCTION = YES;
				GCC_WARN_UNUSED_VARIABLE = YES;
				IPHONEOS_DEPLOYMENT_TARGET = 16.0;
				MTL_ENABLE_DEBUG_INFO = INCLUDE_SOURCE;
				MTL_FAST_MATH = YES;
				ONLY_ACTIVE_ARCH = YES;
				SDKROOT = iphoneos;
				SWIFT_ACTIVE_COMPILATION_CONDITIONS = DEBUG;
				SWIFT_OPTIMIZATION_LEVEL = "-Onone";
			};
			name = Debug;
		};
		4C1808B428F7F887006B9A3D /* Release */ = {
			isa = XCBuildConfiguration;
			buildSettings = {
				ALWAYS_SEARCH_USER_PATHS = NO;
				CLANG_ANALYZER_NONNULL = YES;
				CLANG_ANALYZER_NUMBER_OBJECT_CONVERSION = YES_AGGRESSIVE;
				CLANG_CXX_LANGUAGE_STANDARD = "gnu++20";
				CLANG_ENABLE_MODULES = YES;
				CLANG_ENABLE_OBJC_ARC = YES;
				CLANG_ENABLE_OBJC_WEAK = YES;
				CLANG_WARN_BLOCK_CAPTURE_AUTORELEASING = YES;
				CLANG_WARN_BOOL_CONVERSION = YES;
				CLANG_WARN_COMMA = YES;
				CLANG_WARN_CONSTANT_CONVERSION = YES;
				CLANG_WARN_DEPRECATED_OBJC_IMPLEMENTATIONS = YES;
				CLANG_WARN_DIRECT_OBJC_ISA_USAGE = YES_ERROR;
				CLANG_WARN_DOCUMENTATION_COMMENTS = YES;
				CLANG_WARN_EMPTY_BODY = YES;
				CLANG_WARN_ENUM_CONVERSION = YES;
				CLANG_WARN_INFINITE_RECURSION = YES;
				CLANG_WARN_INT_CONVERSION = YES;
				CLANG_WARN_NON_LITERAL_NULL_CONVERSION = YES;
				CLANG_WARN_OBJC_IMPLICIT_RETAIN_SELF = YES;
				CLANG_WARN_OBJC_LITERAL_CONVERSION = YES;
				CLANG_WARN_OBJC_ROOT_CLASS = YES_ERROR;
				CLANG_WARN_QUOTED_INCLUDE_IN_FRAMEWORK_HEADER = YES;
				CLANG_WARN_RANGE_LOOP_ANALYSIS = YES;
				CLANG_WARN_STRICT_PROTOTYPES = YES;
				CLANG_WARN_SUSPICIOUS_MOVE = YES;
				CLANG_WARN_UNGUARDED_AVAILABILITY = YES_AGGRESSIVE;
				CLANG_WARN_UNREACHABLE_CODE = YES;
				CLANG_WARN__DUPLICATE_METHOD_MATCH = YES;
				COPY_PHASE_STRIP = NO;
				DEBUG_INFORMATION_FORMAT = "dwarf-with-dsym";
				ENABLE_NS_ASSERTIONS = NO;
				ENABLE_STRICT_OBJC_MSGSEND = YES;
				GCC_C_LANGUAGE_STANDARD = gnu11;
				GCC_NO_COMMON_BLOCKS = YES;
				GCC_WARN_64_TO_32_BIT_CONVERSION = YES;
				GCC_WARN_ABOUT_RETURN_TYPE = YES_ERROR;
				GCC_WARN_UNDECLARED_SELECTOR = YES;
				GCC_WARN_UNINITIALIZED_AUTOS = YES_AGGRESSIVE;
				GCC_WARN_UNUSED_FUNCTION = YES;
				GCC_WARN_UNUSED_VARIABLE = YES;
				IPHONEOS_DEPLOYMENT_TARGET = 16.0;
				MTL_ENABLE_DEBUG_INFO = NO;
				MTL_FAST_MATH = YES;
				SDKROOT = iphoneos;
				SWIFT_COMPILATION_MODE = wholemodule;
				SWIFT_OPTIMIZATION_LEVEL = "-O";
				VALIDATE_PRODUCT = YES;
			};
			name = Release;
		};
		4C1808B628F7F887006B9A3D /* Debug */ = {
			isa = XCBuildConfiguration;
			buildSettings = {
				ASSETCATALOG_COMPILER_APPICON_NAME = AppIcon;
				ASSETCATALOG_COMPILER_GLOBAL_ACCENT_COLOR_NAME = AccentColor;
				CODE_SIGN_STYLE = Automatic;
				CURRENT_PROJECT_VERSION = 1;
				DEVELOPMENT_ASSET_PATHS = "\"LoginPageSwiftUI/Preview Content\"";
				ENABLE_PREVIEWS = YES;
				GENERATE_INFOPLIST_FILE = YES;
				INFOPLIST_KEY_UIApplicationSceneManifest_Generation = YES;
				INFOPLIST_KEY_UIApplicationSupportsIndirectInputEvents = YES;
				INFOPLIST_KEY_UILaunchScreen_Generation = YES;
				INFOPLIST_KEY_UISupportedInterfaceOrientations_iPad = "UIInterfaceOrientationPortrait UIInterfaceOrientationPortraitUpsideDown UIInterfaceOrientationLandscapeLeft UIInterfaceOrientationLandscapeRight";
				INFOPLIST_KEY_UISupportedInterfaceOrientations_iPhone = "UIInterfaceOrientationPortrait UIInterfaceOrientationLandscapeLeft UIInterfaceOrientationLandscapeRight";
				LD_RUNPATH_SEARCH_PATHS = (
					"$(inherited)",
					"@executable_path/Frameworks",
				);
				MARKETING_VERSION = 1.0;
				PRODUCT_BUNDLE_IDENTIFIER = "com.michaelabeyer.LoginPageSwiftUI-";
				PRODUCT_NAME = "$(TARGET_NAME)";
				SWIFT_EMIT_LOC_STRINGS = YES;
				SWIFT_VERSION = 5.0;
				TARGETED_DEVICE_FAMILY = "1,2";
			};
			name = Debug;
		};
		4C1808B728F7F887006B9A3D /* Release */ = {
			isa = XCBuildConfiguration;
			buildSettings = {
				ASSETCATALOG_COMPILER_APPICON_NAME = AppIcon;
				ASSETCATALOG_COMPILER_GLOBAL_ACCENT_COLOR_NAME = AccentColor;
				CODE_SIGN_STYLE = Automatic;
				CURRENT_PROJECT_VERSION = 1;
				DEVELOPMENT_ASSET_PATHS = "\"LoginPageSwiftUI/Preview Content\"";
				ENABLE_PREVIEWS = YES;
				GENERATE_INFOPLIST_FILE = YES;
				INFOPLIST_KEY_UIApplicationSceneManifest_Generation = YES;
				INFOPLIST_KEY_UIApplicationSupportsIndirectInputEvents = YES;
				INFOPLIST_KEY_UILaunchScreen_Generation = YES;
				INFOPLIST_KEY_UISupportedInterfaceOrientations_iPad = "UIInterfaceOrientationPortrait UIInterfaceOrientationPortraitUpsideDown UIInterfaceOrientationLandscapeLeft UIInterfaceOrientationLandscapeRight";
				INFOPLIST_KEY_UISupportedInterfaceOrientations_iPhone = "UIInterfaceOrientationPortrait UIInterfaceOrientationLandscapeLeft UIInterfaceOrientationLandscapeRight";
				LD_RUNPATH_SEARCH_PATHS = (
					"$(inherited)",
					"@executable_path/Frameworks",
				);
				MARKETING_VERSION = 1.0;
				PRODUCT_BUNDLE_IDENTIFIER = "com.michaelabeyer.LoginPageSwiftUI-";
				PRODUCT_NAME = "$(TARGET_NAME)";
				SWIFT_EMIT_LOC_STRINGS = YES;
				SWIFT_VERSION = 5.0;
				TARGETED_DEVICE_FAMILY = "1,2";
			};
			name = Release;
		};
		4C1808B928F7F887006B9A3D /* Debug */ = {
			isa = XCBuildConfiguration;
			buildSettings = {
				ALWAYS_EMBED_SWIFT_STANDARD_LIBRARIES = YES;
				BUNDLE_LOADER = "$(TEST_HOST)";
				CODE_SIGN_STYLE = Automatic;
				CURRENT_PROJECT_VERSION = 1;
				GENERATE_INFOPLIST_FILE = YES;
				IPHONEOS_DEPLOYMENT_TARGET = 16.0;
				MARKETING_VERSION = 1.0;
				PRODUCT_BUNDLE_IDENTIFIER = com.michaelabeyer.LoginPageSwiftUITests;
				PRODUCT_NAME = "$(TARGET_NAME)";
				SWIFT_EMIT_LOC_STRINGS = NO;
				SWIFT_VERSION = 5.0;
				TARGETED_DEVICE_FAMILY = "1,2";
				TEST_HOST = "$(BUILT_PRODUCTS_DIR)/LoginPageSwiftUI.app/$(BUNDLE_EXECUTABLE_FOLDER_PATH)/LoginPageSwiftUI";
			};
			name = Debug;
		};
		4C1808BA28F7F887006B9A3D /* Release */ = {
			isa = XCBuildConfiguration;
			buildSettings = {
				ALWAYS_EMBED_SWIFT_STANDARD_LIBRARIES = YES;
				BUNDLE_LOADER = "$(TEST_HOST)";
				CODE_SIGN_STYLE = Automatic;
				CURRENT_PROJECT_VERSION = 1;
				GENERATE_INFOPLIST_FILE = YES;
				IPHONEOS_DEPLOYMENT_TARGET = 16.0;
				MARKETING_VERSION = 1.0;
				PRODUCT_BUNDLE_IDENTIFIER = com.michaelabeyer.LoginPageSwiftUITests;
				PRODUCT_NAME = "$(TARGET_NAME)";
				SWIFT_EMIT_LOC_STRINGS = NO;
				SWIFT_VERSION = 5.0;
				TARGETED_DEVICE_FAMILY = "1,2";
				TEST_HOST = "$(BUILT_PRODUCTS_DIR)/LoginPageSwiftUI.app/$(BUNDLE_EXECUTABLE_FOLDER_PATH)/LoginPageSwiftUI";
			};
			name = Release;
		};
		4C1808BC28F7F887006B9A3D /* Debug */ = {
			isa = XCBuildConfiguration;
			buildSettings = {
				ALWAYS_EMBED_SWIFT_STANDARD_LIBRARIES = YES;
				CODE_SIGN_STYLE = Automatic;
				CURRENT_PROJECT_VERSION = 1;
				GENERATE_INFOPLIST_FILE = YES;
				MARKETING_VERSION = 1.0;
				PRODUCT_BUNDLE_IDENTIFIER = com.michaelabeyer.LoginPageSwiftUIUITests;
				PRODUCT_NAME = "$(TARGET_NAME)";
				SWIFT_EMIT_LOC_STRINGS = NO;
				SWIFT_VERSION = 5.0;
				TARGETED_DEVICE_FAMILY = "1,2";
				TEST_TARGET_NAME = LoginPageSwiftUI;
			};
			name = Debug;
		};
		4C1808BD28F7F887006B9A3D /* Release */ = {
			isa = XCBuildConfiguration;
			buildSettings = {
				ALWAYS_EMBED_SWIFT_STANDARD_LIBRARIES = YES;
				CODE_SIGN_STYLE = Automatic;
				CURRENT_PROJECT_VERSION = 1;
				GENERATE_INFOPLIST_FILE = YES;
				MARKETING_VERSION = 1.0;
				PRODUCT_BUNDLE_IDENTIFIER = com.michaelabeyer.LoginPageSwiftUIUITests;
				PRODUCT_NAME = "$(TARGET_NAME)";
				SWIFT_EMIT_LOC_STRINGS = NO;
				SWIFT_VERSION = 5.0;
				TARGETED_DEVICE_FAMILY = "1,2";
				TEST_TARGET_NAME = LoginPageSwiftUI;
			};
			name = Release;
		};
/* End XCBuildConfiguration section */

/* Begin XCConfigurationList section */
		4C18088C28F7F883006B9A3D /* Build configuration list for PBXProject "LoginPageSwiftUI" */ = {
			isa = XCConfigurationList;
			buildConfigurations = (
				4C1808B328F7F887006B9A3D /* Debug */,
				4C1808B428F7F887006B9A3D /* Release */,
			);
			defaultConfigurationIsVisible = 0;
			defaultConfigurationName = Release;
		};
		4C1808B528F7F887006B9A3D /* Build configuration list for PBXNativeTarget "LoginPageSwiftUI" */ = {
			isa = XCConfigurationList;
			buildConfigurations = (
				4C1808B628F7F887006B9A3D /* Debug */,
				4C1808B728F7F887006B9A3D /* Release */,
			);
			defaultConfigurationIsVisible = 0;
			defaultConfigurationName = Release;
		};
		4C1808B828F7F887006B9A3D /* Build configuration list for PBXNativeTarget "LoginPageSwiftUITests" */ = {
			isa = XCConfigurationList;
			buildConfigurations = (
				4C1808B928F7F887006B9A3D /* Debug */,
				4C1808BA28F7F887006B9A3D /* Release */,
			);
			defaultConfigurationIsVisible = 0;
			defaultConfigurationName = Release;
		};
		4C1808BB28F7F887006B9A3D /* Build configuration list for PBXNativeTarget "LoginPageSwiftUIUITests" */ = {
			isa = XCConfigurationList;
			buildConfigurations = (
				4C1808BC28F7F887006B9A3D /* Debug */,
				4C1808BD28F7F887006B9A3D /* Release */,
			);
			defaultConfigurationIsVisible = 0;
			defaultConfigurationName = Release;
		};
/* End XCConfigurationList section */

/* Begin XCRemoteSwiftPackageReference section */
		4C1808C528F8138B006B9A3D /* XCRemoteSwiftPackageReference "firebase-ios-sdk" */ = {
			isa = XCRemoteSwiftPackageReference;
			repositoryURL = "https://github.com/firebase/firebase-ios-sdk.git";
			requirement = {
				kind = upToNextMajorVersion;
				minimumVersion = 9.0.0;
			};
		};
/* End XCRemoteSwiftPackageReference section */

/* Begin XCSwiftPackageProductDependency section */
		4C1808C628F8138D006B9A3D /* FirebaseAuth */ = {
			isa = XCSwiftPackageProductDependency;
			package = 4C1808C528F8138B006B9A3D /* XCRemoteSwiftPackageReference "firebase-ios-sdk" */;
			productName = FirebaseAuth;
		};
		4C1808C828F8138D006B9A3D /* FirebaseFirestore */ = {
			isa = XCSwiftPackageProductDependency;
			package = 4C1808C528F8138B006B9A3D /* XCRemoteSwiftPackageReference "firebase-ios-sdk" */;
			productName = FirebaseFirestore;
		};
/* End XCSwiftPackageProductDependency section */
	};
	rootObject = 4C18088928F7F883006B9A3D /* Project object */;
}
